github.com/gapisani/arrows/core v0.0.0-20230613224948-d517cdf95d2c h1:Emc+VOChCWuLJIHFXiUfxTX9PE8dOFwaW5WpZtWiZi4=
github.com/gapisani/arrows/core v0.0.0-20230613224948-d517cdf95d2c/go.mod h1:BN2IzUTyxdFzpjxboDJzvMhUXj7cPNLX4HN78s9wOW0=
github.com/gapisani/arrows/core v0.0.0-20230616001052-6a448e186722 h1:bb3mhZgHXbErRdTV17WcmZQNYTfuE5pd+Yq6LV5/mQY=
github.com/gapisani/arrows/core v0.0.0-20230616001052-6a448e186722/go.mod h1:BN2IzUTyxdFzpjxboDJzvMhUXj7cPNLX4HN78s9wOW0=
