github.com/gapisani/arrows/core v0.0.0-20230605063951-a46aec2491aa h1:0qdEXx6e2CIn3/wmSu9KByh/ZP84R47wmT/2mzN5iQk=
github.com/gapisani/arrows/core v0.0.0-20230605063951-a46aec2491aa/go.mod h1:BN2IzUTyxdFzpjxboDJzvMhUXj7cPNLX4HN78s9wOW0=
github.com/gapisani/arrows/core v0.0.0-20230607154342-4b522bb66d1d h1:vWBm1qc/ZYf/5XgF0fgyznZdvUuKyfiHf2/0BZvKrHI=
github.com/gapisani/arrows/core v0.0.0-20230607154342-4b522bb66d1d/go.mod h1:BN2IzUTyxdFzpjxboDJzvMhUXj7cPNLX4HN78s9wOW0=
